
Microsoft Visual Studio Solution File, Format Version 12.00
# Visual Studio Version 16
VisualStudioVersion = 16.0.29201.188
MinimumVisualStudioVersion = 10.0.40219.1
Project("{FAE04EC0-301F-11D3-BF4B-00C04F79EFBC}") = "RoR2PVP", "RoR2PVP\RoR2PVP.csproj", "{B308D945-8F71-42EE-A3E9-BE500886FCDB}"
EndProject
Global
	GlobalSection(SolutionConfigurationPlatforms) = preSolution
		Debug|Any CPU = Debug|Any CPU
		Release|Any CPU = Release|Any CPU
	EndGlobalSection
	GlobalSection(ProjectConfigurationPlatforms) = postSolution
		{B308D945-8F71-42EE-A3E9-BE500886FCDB}.Debug|Any CPU.ActiveCfg = Debug|Any CPU
		{B308D945-8F71-42EE-A3E9-BE500886FCDB}.Debug|Any CPU.Build.0 = Debug|Any CPU
		{B308D945-8F71-42EE-A3E9-BE500886FCDB}.Release|Any CPU.ActiveCfg = Release|Any CPU
		{B308D945-8F71-42EE-A3E9-BE500886FCDB}.Release|Any CPU.Build.0 = Release|Any CPU
	EndGlobalSection
	GlobalSection(SolutionProperties) = preSolution
		HideSolutionNode = FALSE
	EndGlobalSection
	GlobalSection(ExtensibilityGlobals) = postSolution
		SolutionGuid = {11781DF4-5547-4F36-8266-464B1EECED50}
	EndGlobalSection
EndGlobal
